
Microsoft Visual Studio Solution File, Format Version 12.00
# Visual Studio Version 16
VisualStudioVersion = 16.0.30503.244
MinimumVisualStudioVersion = 10.0.40219.1
Project("{9A19103F-16F7-4668-BE54-9A1E7A4F7556}") = "IoC", "IoC\IoC.csproj", "{7DA87890-E18A-4729-92E4-3C7DC4AB2639}"
EndProject
Project("{9A19103F-16F7-4668-BE54-9A1E7A4F7556}") = "Domain", "Domain\Domain.csproj", "{48342656-12AF-4A3E-AF91-6BB68C52B005}"
EndProject
Project("{9A19103F-16F7-4668-BE54-9A1E7A4F7556}") = "Infra", "Infra\Infra.csproj", "{08309072-54A0-48D3-9D41-706428939D95}"
EndProject
Project("{9A19103F-16F7-4668-BE54-9A1E7A4F7556}") = "Service", "Service\Service.csproj", "{D67CA6AB-9659-4484-B661-92054135C29C}"
EndProject
Project("{9A19103F-16F7-4668-BE54-9A1E7A4F7556}") = "MVC", "MVC\MVC.csproj", "{AFFB96B7-D755-40CC-BC97-70984FB86863}"
EndProject
Global
	GlobalSection(SolutionConfigurationPlatforms) = preSolution
		Debug|Any CPU = Debug|Any CPU
		Release|Any CPU = Release|Any CPU
	EndGlobalSection
	GlobalSection(ProjectConfigurationPlatforms) = postSolution
		{7DA87890-E18A-4729-92E4-3C7DC4AB2639}.Debug|Any CPU.ActiveCfg = Debug|Any CPU
		{7DA87890-E18A-4729-92E4-3C7DC4AB2639}.Debug|Any CPU.Build.0 = Debug|Any CPU
		{7DA87890-E18A-4729-92E4-3C7DC4AB2639}.Release|Any CPU.ActiveCfg = Release|Any CPU
		{7DA87890-E18A-4729-92E4-3C7DC4AB2639}.Release|Any CPU.Build.0 = Release|Any CPU
		{48342656-12AF-4A3E-AF91-6BB68C52B005}.Debug|Any CPU.ActiveCfg = Debug|Any CPU
		{48342656-12AF-4A3E-AF91-6BB68C52B005}.Debug|Any CPU.Build.0 = Debug|Any CPU
		{48342656-12AF-4A3E-AF91-6BB68C52B005}.Release|Any CPU.ActiveCfg = Release|Any CPU
		{48342656-12AF-4A3E-AF91-6BB68C52B005}.Release|Any CPU.Build.0 = Release|Any CPU
		{08309072-54A0-48D3-9D41-706428939D95}.Debug|Any CPU.ActiveCfg = Debug|Any CPU
		{08309072-54A0-48D3-9D41-706428939D95}.Debug|Any CPU.Build.0 = Debug|Any CPU
		{08309072-54A0-48D3-9D41-706428939D95}.Release|Any CPU.ActiveCfg = Release|Any CPU
		{08309072-54A0-48D3-9D41-706428939D95}.Release|Any CPU.Build.0 = Release|Any CPU
		{D67CA6AB-9659-4484-B661-92054135C29C}.Debug|Any CPU.ActiveCfg = Debug|Any CPU
		{D67CA6AB-9659-4484-B661-92054135C29C}.Debug|Any CPU.Build.0 = Debug|Any CPU
		{D67CA6AB-9659-4484-B661-92054135C29C}.Release|Any CPU.ActiveCfg = Release|Any CPU
		{D67CA6AB-9659-4484-B661-92054135C29C}.Release|Any CPU.Build.0 = Release|Any CPU
		{AFFB96B7-D755-40CC-BC97-70984FB86863}.Debug|Any CPU.ActiveCfg = Debug|Any CPU
		{AFFB96B7-D755-40CC-BC97-70984FB86863}.Debug|Any CPU.Build.0 = Debug|Any CPU
		{AFFB96B7-D755-40CC-BC97-70984FB86863}.Release|Any CPU.ActiveCfg = Release|Any CPU
		{AFFB96B7-D755-40CC-BC97-70984FB86863}.Release|Any CPU.Build.0 = Release|Any CPU
	EndGlobalSection
	GlobalSection(SolutionProperties) = preSolution
		HideSolutionNode = FALSE
	EndGlobalSection
	GlobalSection(ExtensibilityGlobals) = postSolution
		SolutionGuid = {22C2D443-1846-48E1-8B19-4B0619D7ED7C}
	EndGlobalSection
EndGlobal
